Microsoft Visual Studio Solution File, Format Version 12.00
# Visual Studio Version 17
VisualStudioVersion = 17.0.31903.59
MinimumVisualStudioVersion = 10.0.40219.1
Project("{2150E333-8FDC-42A3-9474-1A3956D46DE8}") = "src", "src", "{2150E333-8FDC-42A3-9474-1A3956D46DE8}"
EndProject
Project("{FAE04EC0-301F-11D3-BF4B-00C04F79EFBC}") = "FlowCenter.API", "src\FlowCenter.API\FlowCenter.API.csproj", "{BD03AC87-FC6A-4214-A5B2-B5F0B58D0C9F}"
EndProject
Project("{FAE04EC0-301F-11D3-BF4B-00C04F79EFBC}") = "FlowCenter.Application", "src\FlowCenter.Application\FlowCenter.Application.csproj", "{CBA07D6A-586A-4D22-824C-66667070282F}"
EndProject
Project("{FAE04EC0-301F-11D3-BF4B-00C04F79EFBC}") = "FlowCenter.Domain", "src\FlowCenter.Domain\FlowCenter.Domain.csproj", "{CA5260D6-6036-4F18-8250-76D6A7156A52}"
EndProject
Project("{FAE04EC0-301F-11D3-BF4B-00C04F79EFBC}") = "FlowCenter.Infrastructure", "src\FlowCenter.Infrastructure\FlowCenter.Infrastructure.csproj", "{B6D001A8-9387-47BF-B968-56652A0CCB3C}"
EndProject
Project("{FAE04EC0-301F-11D3-BF4B-00C04F79EFBC}") = "FlowCenter.Tests", "tests\FlowCenter.Tests\FlowCenter.Tests.csproj", "{F90F91A0-65D4-4FB0-AC90-0DA969CCB503}"
EndProject
Global
	GlobalSection(SolutionConfigurationPlatforms) = preSolution
		Debug|Any CPU = Debug|Any CPU
		Release|Any CPU = Release|Any CPU
	EndGlobalSection
	GlobalSection(ProjectConfigurationPlatforms) = postSolution
		{BD03AC87-FC6A-4214-A5B2-B5F0B58D0C9F}.Debug|Any CPU.ActiveCfg = Debug|Any CPU
		{BD03AC87-FC6A-4214-A5B2-B5F0B58D0C9F}.Debug|Any CPU.Build.0 = Debug|Any CPU
		{BD03AC87-FC6A-4214-A5B2-B5F0B58D0C9F}.Release|Any CPU.ActiveCfg = Release|Any CPU
		{BD03AC87-FC6A-4214-A5B2-B5F0B58D0C9F}.Release|Any CPU.Build.0 = Release|Any CPU
		{CBA07D6A-586A-4D22-824C-66667070282F}.Debug|Any CPU.ActiveCfg = Debug|Any CPU
		{CBA07D6A-586A-4D22-824C-66667070282F}.Debug|Any CPU.Build.0 = Debug|Any CPU
		{CBA07D6A-586A-4D22-824C-66667070282F}.Release|Any CPU.ActiveCfg = Release|Any CPU
		{CBA07D6A-586A-4D22-824C-66667070282F}.Release|Any CPU.Build.0 = Release|Any CPU
		{CA5260D6-6036-4F18-8250-76D6A7156A52}.Debug|Any CPU.ActiveCfg = Debug|Any CPU
		{CA5260D6-6036-4F18-8250-76D6A7156A52}.Debug|Any CPU.Build.0 = Debug|Any CPU
		{CA5260D6-6036-4F18-8250-76D6A7156A52}.Release|Any CPU.ActiveCfg = Release|Any CPU
		{CA5260D6-6036-4F18-8250-76D6A7156A52}.Release|Any CPU.Build.0 = Release|Any CPU
		{B6D001A8-9387-47BF-B968-56652A0CCB3C}.Debug|Any CPU.ActiveCfg = Debug|Any CPU
		{B6D001A8-9387-47BF-B968-56652A0CCB3C}.Debug|Any CPU.Build.0 = Debug|Any CPU
		{B6D001A8-9387-47BF-B968-56652A0CCB3C}.Release|Any CPU.ActiveCfg = Release|Any CPU
		{B6D001A8-9387-47BF-B968-56652A0CCB3C}.Release|Any CPU.Build.0 = Release|Any CPU
		{F90F91A0-65D4-4FB0-AC90-0DA969CCB503}.Debug|Any CPU.ActiveCfg = Debug|Any CPU
		{F90F91A0-65D4-4FB0-AC90-0DA969CCB503}.Debug|Any CPU.Build.0 = Debug|Any CPU
		{F90F91A0-65D4-4FB0-AC90-0DA969CCB503}.Release|Any CPU.ActiveCfg = Release|Any CPU
		{F90F91A0-65D4-4FB0-AC90-0DA969CCB503}.Release|Any CPU.Build.0 = Release|Any CPU
	EndGlobalSection
	GlobalSection(SolutionProperties) = preSolution
		HideSolutionNode = FALSE
	EndGlobalSection
	GlobalSection(NestedProjects) = preSolution
		{BD03AC87-FC6A-4214-A5B2-B5F0B58D0C9F} = {2150E333-8FDC-42A3-9474-1A3956D46DE8}
		{CBA07D6A-586A-4D22-824C-66667070282F} = {2150E333-8FDC-42A3-9474-1A3956D46DE8}
		{CA5260D6-6036-4F18-8250-76D6A7156A52} = {2150E333-8FDC-42A3-9474-1A3956D46DE8}
		{B6D001A8-9387-47BF-B968-56652A0CCB3C} = {2150E333-8FDC-42A3-9474-1A3956D46DE8}
	EndGlobalSection
EndGlobal